// !$*UTF8*$!
{
	archiveVersion = 1;
	classes = {
	};
	objectVersion = 60;
	objects = {

/* Begin PBXBuildFile section */
		273E0DBB2D5CFFA90044F798 /* AppDelegate.swift in Sources */ = {isa = PBXBuildFile; fileRef = 273E0DBA2D5CFFA90044F798 /* AppDelegate.swift */; };
		273E0DBF2D5CFFA90044F798 /* ViewController.swift in Sources */ = {isa = PBXBuildFile; fileRef = 273E0DBE2D5CFFA90044F798 /* ViewController.swift */; };
		273E0DC52D5CFFA90044F798 /* CurrencyTestProject.xcdatamodeld in Sources */ = {isa = PBXBuildFile; fileRef = 273E0DC32D5CFFA90044F798 /* CurrencyTestProject.xcdatamodeld */; };
		273E0DC72D5CFFAA0044F798 /* Assets.xcassets in Resources */ = {isa = PBXBuildFile; fileRef = 273E0DC62D5CFFAA0044F798 /* Assets.xcassets */; };
		273E0DCA2D5CFFAA0044F798 /* Base in Resources */ = {isa = PBXBuildFile; fileRef = 273E0DC92D5CFFAA0044F798 /* Base */; };
		273E0DD82D5E2E6A0044F798 /* AppCoordinator.swift in Sources */ = {isa = PBXBuildFile; fileRef = 273E0DD72D5E2E6A0044F798 /* AppCoordinator.swift */; };
		273E0DE12D5E303B0044F798 /* NetworkLayer.h in Headers */ = {isa = PBXBuildFile; fileRef = 273E0DE02D5E303B0044F798 /* NetworkLayer.h */; settings = {ATTRIBUTES = (Public, ); }; };
		273E0DE42D5E303B0044F798 /* NetworkLayer.framework in Frameworks */ = {isa = PBXBuildFile; fileRef = 273E0DDE2D5E303A0044F798 /* NetworkLayer.framework */; };
		273E0DE52D5E303B0044F798 /* NetworkLayer.framework in Embed Frameworks */ = {isa = PBXBuildFile; fileRef = 273E0DDE2D5E303A0044F798 /* NetworkLayer.framework */; settings = {ATTRIBUTES = (CodeSignOnCopy, RemoveHeadersOnCopy, ); }; };
		273E0DFB2D5E4D380044F798 /* RswiftLibrary in Frameworks */ = {isa = PBXBuildFile; productRef = 273E0DFA2D5E4D380044F798 /* RswiftLibrary */; };
		273E0DFD2D5E50200044F798 /* schema.graphqls in Resources */ = {isa = PBXBuildFile; fileRef = 273E0DFC2D5E50200044F798 /* schema.graphqls */; };
		273E0E102D5E59330044F798 /* Apollo in Frameworks */ = {isa = PBXBuildFile; productRef = 273E0E0F2D5E59330044F798 /* Apollo */; };
		273E0E142D5E5FDB0044F798 /* RatesAPI in Frameworks */ = {isa = PBXBuildFile; productRef = 273E0E132D5E5FDB0044F798 /* RatesAPI */; };
/* End PBXBuildFile section */

/* Begin PBXContainerItemProxy section */
		273E0DE22D5E303B0044F798 /* PBXContainerItemProxy */ = {
			isa = PBXContainerItemProxy;
			containerPortal = 273E0DAF2D5CFFA90044F798 /* Project object */;
			proxyType = 1;
			remoteGlobalIDString = 273E0DDD2D5E303A0044F798;
			remoteInfo = NetworkLayer;
		};
/* End PBXContainerItemProxy section */

/* Begin PBXCopyFilesBuildPhase section */
		273E0DE92D5E303B0044F798 /* Embed Frameworks */ = {
			isa = PBXCopyFilesBuildPhase;
			buildActionMask = 2147483647;
			dstPath = "";
			dstSubfolderSpec = 10;
			files = (
				273E0DE52D5E303B0044F798 /* NetworkLayer.framework in Embed Frameworks */,
			);
			name = "Embed Frameworks";
			runOnlyForDeploymentPostprocessing = 0;
		};
/* End PBXCopyFilesBuildPhase section */

/* Begin PBXFileReference section */
		273E0DB72D5CFFA90044F798 /* CurrencyTestProject.app */ = {isa = PBXFileReference; explicitFileType = wrapper.application; includeInIndex = 0; path = CurrencyTestProject.app; sourceTree = BUILT_PRODUCTS_DIR; };
		273E0DBA2D5CFFA90044F798 /* AppDelegate.swift */ = {isa = PBXFileReference; lastKnownFileType = sourcecode.swift; path = AppDelegate.swift; sourceTree = "<group>"; };
		273E0DBE2D5CFFA90044F798 /* ViewController.swift */ = {isa = PBXFileReference; lastKnownFileType = sourcecode.swift; path = ViewController.swift; sourceTree = "<group>"; };
		273E0DC42D5CFFA90044F798 /* CurrencyTestProject.xcdatamodel */ = {isa = PBXFileReference; lastKnownFileType = wrapper.xcdatamodel; path = CurrencyTestProject.xcdatamodel; sourceTree = "<group>"; };
		273E0DC62D5CFFAA0044F798 /* Assets.xcassets */ = {isa = PBXFileReference; lastKnownFileType = folder.assetcatalog; path = Assets.xcassets; sourceTree = "<group>"; };
		273E0DC92D5CFFAA0044F798 /* Base */ = {isa = PBXFileReference; lastKnownFileType = file.storyboard; name = Base; path = Base.lproj/LaunchScreen.storyboard; sourceTree = "<group>"; };
		273E0DCB2D5CFFAA0044F798 /* Info.plist */ = {isa = PBXFileReference; lastKnownFileType = text.plist.xml; path = Info.plist; sourceTree = "<group>"; };
		273E0DD72D5E2E6A0044F798 /* AppCoordinator.swift */ = {isa = PBXFileReference; lastKnownFileType = sourcecode.swift; path = AppCoordinator.swift; sourceTree = "<group>"; };
		273E0DDE2D5E303A0044F798 /* NetworkLayer.framework */ = {isa = PBXFileReference; explicitFileType = wrapper.framework; includeInIndex = 0; path = NetworkLayer.framework; sourceTree = BUILT_PRODUCTS_DIR; };
		273E0DE02D5E303B0044F798 /* NetworkLayer.h */ = {isa = PBXFileReference; lastKnownFileType = sourcecode.c.h; path = NetworkLayer.h; sourceTree = "<group>"; };
		273E0DF12D5E36330044F798 /* LatestRates.graphql */ = {isa = PBXFileReference; lastKnownFileType = text; path = LatestRates.graphql; sourceTree = "<group>"; };
		273E0DFC2D5E50200044F798 /* schema.graphqls */ = {isa = PBXFileReference; lastKnownFileType = text; path = schema.graphqls; sourceTree = "<group>"; };
/* End PBXFileReference section */

/* Begin PBXFrameworksBuildPhase section */
		273E0DB42D5CFFA90044F798 /* Frameworks */ = {
			isa = PBXFrameworksBuildPhase;
			buildActionMask = 2147483647;
			files = (
				273E0DE42D5E303B0044F798 /* NetworkLayer.framework in Frameworks */,
				273E0DFB2D5E4D380044F798 /* RswiftLibrary in Frameworks */,
			);
			runOnlyForDeploymentPostprocessing = 0;
		};
		273E0DDB2D5E303A0044F798 /* Frameworks */ = {
			isa = PBXFrameworksBuildPhase;
			buildActionMask = 2147483647;
			files = (
				273E0E102D5E59330044F798 /* Apollo in Frameworks */,
				273E0E142D5E5FDB0044F798 /* RatesAPI in Frameworks */,
			);
			runOnlyForDeploymentPostprocessing = 0;
		};
/* End PBXFrameworksBuildPhase section */

/* Begin PBXGroup section */
		273E0DAE2D5CFFA90044F798 = {
			isa = PBXGroup;
			children = (
				273E0DB92D5CFFA90044F798 /* CurrencyTestProject */,
				273E0DDF2D5E303B0044F798 /* NetworkLayer */,
				273E0DB82D5CFFA90044F798 /* Products */,
			);
			sourceTree = "<group>";
		};
		273E0DB82D5CFFA90044F798 /* Products */ = {
			isa = PBXGroup;
			children = (
				273E0DB72D5CFFA90044F798 /* CurrencyTestProject.app */,
				273E0DDE2D5E303A0044F798 /* NetworkLayer.framework */,
			);
			name = Products;
			sourceTree = "<group>";
		};
		273E0DB92D5CFFA90044F798 /* CurrencyTestProject */ = {
			isa = PBXGroup;
			children = (
				273E0DBA2D5CFFA90044F798 /* AppDelegate.swift */,
				273E0DBE2D5CFFA90044F798 /* ViewController.swift */,
				273E0DC62D5CFFAA0044F798 /* Assets.xcassets */,
				273E0DC82D5CFFAA0044F798 /* LaunchScreen.storyboard */,
				273E0DCB2D5CFFAA0044F798 /* Info.plist */,
				273E0DC32D5CFFA90044F798 /* CurrencyTestProject.xcdatamodeld */,
				273E0DD72D5E2E6A0044F798 /* AppCoordinator.swift */,
			);
			path = CurrencyTestProject;
			sourceTree = "<group>";
		};
		273E0DDF2D5E303B0044F798 /* NetworkLayer */ = {
			isa = PBXGroup;
			children = (
				273E0DED2D5E30BB0044F798 /* GraphQL */,
				273E0DE02D5E303B0044F798 /* NetworkLayer.h */,
			);
			path = NetworkLayer;
			sourceTree = "<group>";
		};
		273E0DED2D5E30BB0044F798 /* GraphQL */ = {
			isa = PBXGroup;
			children = (
				273E0DF12D5E36330044F798 /* LatestRates.graphql */,
				273E0DFC2D5E50200044F798 /* schema.graphqls */,
			);
			path = GraphQL;
			sourceTree = "<group>";
		};
/* End PBXGroup section */

/* Begin PBXHeadersBuildPhase section */
		273E0DD92D5E303A0044F798 /* Headers */ = {
			isa = PBXHeadersBuildPhase;
			buildActionMask = 2147483647;
			files = (
				273E0DE12D5E303B0044F798 /* NetworkLayer.h in Headers */,
			);
			runOnlyForDeploymentPostprocessing = 0;
		};
/* End PBXHeadersBuildPhase section */

/* Begin PBXNativeTarget section */
		273E0DB62D5CFFA90044F798 /* CurrencyTestProject */ = {
			isa = PBXNativeTarget;
			buildConfigurationList = 273E0DCE2D5CFFAA0044F798 /* Build configuration list for PBXNativeTarget "CurrencyTestProject" */;
			buildPhases = (
				273E0DB32D5CFFA90044F798 /* Sources */,
				273E0DB42D5CFFA90044F798 /* Frameworks */,
				273E0DB52D5CFFA90044F798 /* Resources */,
				273E0DE92D5E303B0044F798 /* Embed Frameworks */,
			);
			buildRules = (
			);
			dependencies = (
				273E0DE32D5E303B0044F798 /* PBXTargetDependency */,
			);
			name = CurrencyTestProject;
			packageProductDependencies = (
				273E0DFA2D5E4D380044F798 /* RswiftLibrary */,
			);
			productName = CurrencyTestProject;
			productReference = 273E0DB72D5CFFA90044F798 /* CurrencyTestProject.app */;
			productType = "com.apple.product-type.application";
		};
		273E0DDD2D5E303A0044F798 /* NetworkLayer */ = {
			isa = PBXNativeTarget;
			buildConfigurationList = 273E0DE62D5E303B0044F798 /* Build configuration list for PBXNativeTarget "NetworkLayer" */;
			buildPhases = (
				273E0DD92D5E303A0044F798 /* Headers */,
				273E0DDA2D5E303A0044F798 /* Sources */,
				273E0DDB2D5E303A0044F798 /* Frameworks */,
				273E0DDC2D5E303A0044F798 /* Resources */,
			);
			buildRules = (
			);
			dependencies = (
			);
			name = NetworkLayer;
			packageProductDependencies = (
				273E0E0F2D5E59330044F798 /* Apollo */,
				273E0E132D5E5FDB0044F798 /* RatesAPI */,
			);
			productName = NetworkLayer;
			productReference = 273E0DDE2D5E303A0044F798 /* NetworkLayer.framework */;
			productType = "com.apple.product-type.framework";
		};
/* End PBXNativeTarget section */

/* Begin PBXProject section */
		273E0DAF2D5CFFA90044F798 /* Project object */ = {
			isa = PBXProject;
			attributes = {
				BuildIndependentTargetsInParallel = 1;
				LastSwiftUpdateCheck = 1540;
				LastUpgradeCheck = 1540;
				TargetAttributes = {
					273E0DB62D5CFFA90044F798 = {
						CreatedOnToolsVersion = 15.4;
					};
					273E0DDD2D5E303A0044F798 = {
						CreatedOnToolsVersion = 15.4;
						LastSwiftMigration = 1540;
					};
				};
			};
			buildConfigurationList = 273E0DB22D5CFFA90044F798 /* Build configuration list for PBXProject "CurrencyTestProject" */;
			compatibilityVersion = "Xcode 14.0";
			developmentRegion = en;
			hasScannedForEncodings = 0;
			knownRegions = (
				en,
				Base,
			);
			mainGroup = 273E0DAE2D5CFFA90044F798;
			packageReferences = (
				273E0DF92D5E4D380044F798 /* XCRemoteSwiftPackageReference "R" */,
				273E0E0E2D5E59330044F798 /* XCRemoteSwiftPackageReference "apollo-ios" */,
				273E0E122D5E5FDB0044F798 /* XCLocalSwiftPackageReference "NetworkLayer/RatesAPI" */,
			);
			productRefGroup = 273E0DB82D5CFFA90044F798 /* Products */;
			projectDirPath = "";
			projectRoot = "";
			targets = (
				273E0DB62D5CFFA90044F798 /* CurrencyTestProject */,
				273E0DDD2D5E303A0044F798 /* NetworkLayer */,
			);
		};
/* End PBXProject section */

/* Begin PBXResourcesBuildPhase section */
		273E0DB52D5CFFA90044F798 /* Resources */ = {
			isa = PBXResourcesBuildPhase;
			buildActionMask = 2147483647;
			files = (
				273E0DC72D5CFFAA0044F798 /* Assets.xcassets in Resources */,
				273E0DCA2D5CFFAA0044F798 /* Base in Resources */,
			);
			runOnlyForDeploymentPostprocessing = 0;
		};
		273E0DDC2D5E303A0044F798 /* Resources */ = {
			isa = PBXResourcesBuildPhase;
			buildActionMask = 2147483647;
			files = (
				273E0DFD2D5E50200044F798 /* schema.graphqls in Resources */,
			);
			runOnlyForDeploymentPostprocessing = 0;
		};
/* End PBXResourcesBuildPhase section */

/* Begin PBXSourcesBuildPhase section */
		273E0DB32D5CFFA90044F798 /* Sources */ = {
			isa = PBXSourcesBuildPhase;
			buildActionMask = 2147483647;
			files = (
				273E0DD82D5E2E6A0044F798 /* AppCoordinator.swift in Sources */,
				273E0DC52D5CFFA90044F798 /* CurrencyTestProject.xcdatamodeld in Sources */,
				273E0DBF2D5CFFA90044F798 /* ViewController.swift in Sources */,
				273E0DBB2D5CFFA90044F798 /* AppDelegate.swift in Sources */,
			);
			runOnlyForDeploymentPostprocessing = 0;
		};
		273E0DDA2D5E303A0044F798 /* Sources */ = {
			isa = PBXSourcesBuildPhase;
			buildActionMask = 2147483647;
			files = (
			);
			runOnlyForDeploymentPostprocessing = 0;
		};
/* End PBXSourcesBuildPhase section */

/* Begin PBXTargetDependency section */
		273E0DE32D5E303B0044F798 /* PBXTargetDependency */ = {
			isa = PBXTargetDependency;
			target = 273E0DDD2D5E303A0044F798 /* NetworkLayer */;
			targetProxy = 273E0DE22D5E303B0044F798 /* PBXContainerItemProxy */;
		};
/* End PBXTargetDependency section */

/* Begin PBXVariantGroup section */
		273E0DC82D5CFFAA0044F798 /* LaunchScreen.storyboard */ = {
			isa = PBXVariantGroup;
			children = (
				273E0DC92D5CFFAA0044F798 /* Base */,
			);
			name = LaunchScreen.storyboard;
			sourceTree = "<group>";
		};
/* End PBXVariantGroup section */

/* Begin XCBuildConfiguration section */
		273E0DCC2D5CFFAA0044F798 /* Debug */ = {
			isa = XCBuildConfiguration;
			buildSettings = {
				ALWAYS_SEARCH_USER_PATHS = NO;
				ASSETCATALOG_COMPILER_GENERATE_SWIFT_ASSET_SYMBOL_EXTENSIONS = YES;
				CLANG_ANALYZER_NONNULL = YES;
				CLANG_ANALYZER_NUMBER_OBJECT_CONVERSION = YES_AGGRESSIVE;
				CLANG_CXX_LANGUAGE_STANDARD = "gnu++20";
				CLANG_ENABLE_MODULES = YES;
				CLANG_ENABLE_OBJC_ARC = YES;
				CLANG_ENABLE_OBJC_WEAK = YES;
				CLANG_WARN_BLOCK_CAPTURE_AUTORELEASING = YES;
				CLANG_WARN_BOOL_CONVERSION = YES;
				CLANG_WARN_COMMA = YES;
				CLANG_WARN_CONSTANT_CONVERSION = YES;
				CLANG_WARN_DEPRECATED_OBJC_IMPLEMENTATIONS = YES;
				CLANG_WARN_DIRECT_OBJC_ISA_USAGE = YES_ERROR;
				CLANG_WARN_DOCUMENTATION_COMMENTS = YES;
				CLANG_WARN_EMPTY_BODY = YES;
				CLANG_WARN_ENUM_CONVERSION = YES;
				CLANG_WARN_INFINITE_RECURSION = YES;
				CLANG_WARN_INT_CONVERSION = YES;
				CLANG_WARN_NON_LITERAL_NULL_CONVERSION = YES;
				CLANG_WARN_OBJC_IMPLICIT_RETAIN_SELF = YES;
				CLANG_WARN_OBJC_LITERAL_CONVERSION = YES;
				CLANG_WARN_OBJC_ROOT_CLASS = YES_ERROR;
				CLANG_WARN_QUOTED_INCLUDE_IN_FRAMEWORK_HEADER = YES;
				CLANG_WARN_RANGE_LOOP_ANALYSIS = YES;
				CLANG_WARN_STRICT_PROTOTYPES = YES;
				CLANG_WARN_SUSPICIOUS_MOVE = YES;
				CLANG_WARN_UNGUARDED_AVAILABILITY = YES_AGGRESSIVE;
				CLANG_WARN_UNREACHABLE_CODE = YES;
				CLANG_WARN__DUPLICATE_METHOD_MATCH = YES;
				COPY_PHASE_STRIP = NO;
				DEBUG_INFORMATION_FORMAT = dwarf;
				ENABLE_STRICT_OBJC_MSGSEND = YES;
				ENABLE_TESTABILITY = YES;
				ENABLE_USER_SCRIPT_SANDBOXING = YES;
				GCC_C_LANGUAGE_STANDARD = gnu17;
				GCC_DYNAMIC_NO_PIC = NO;
				GCC_NO_COMMON_BLOCKS = YES;
				GCC_OPTIMIZATION_LEVEL = 0;
				GCC_PREPROCESSOR_DEFINITIONS = (
					"DEBUG=1",
					"$(inherited)",
				);
				GCC_WARN_64_TO_32_BIT_CONVERSION = YES;
				GCC_WARN_ABOUT_RETURN_TYPE = YES_ERROR;
				GCC_WARN_UNDECLARED_SELECTOR = YES;
				GCC_WARN_UNINITIALIZED_AUTOS = YES_AGGRESSIVE;
				GCC_WARN_UNUSED_FUNCTION = YES;
				GCC_WARN_UNUSED_VARIABLE = YES;
				IPHONEOS_DEPLOYMENT_TARGET = 16.0;
				LOCALIZATION_PREFERS_STRING_CATALOGS = YES;
				MTL_ENABLE_DEBUG_INFO = INCLUDE_SOURCE;
				MTL_FAST_MATH = YES;
				ONLY_ACTIVE_ARCH = YES;
				SDKROOT = iphoneos;
				SWIFT_ACTIVE_COMPILATION_CONDITIONS = "DEBUG $(inherited)";
				SWIFT_OPTIMIZATION_LEVEL = "-Onone";
			};
			name = Debug;
		};
		273E0DCD2D5CFFAA0044F798 /* Release */ = {
			isa = XCBuildConfiguration;
			buildSettings = {
				ALWAYS_SEARCH_USER_PATHS = NO;
				ASSETCATALOG_COMPILER_GENERATE_SWIFT_ASSET_SYMBOL_EXTENSIONS = YES;
				CLANG_ANALYZER_NONNULL = YES;
				CLANG_ANALYZER_NUMBER_OBJECT_CONVERSION = YES_AGGRESSIVE;
				CLANG_CXX_LANGUAGE_STANDARD = "gnu++20";
				CLANG_ENABLE_MODULES = YES;
				CLANG_ENABLE_OBJC_ARC = YES;
				CLANG_ENABLE_OBJC_WEAK = YES;
				CLANG_WARN_BLOCK_CAPTURE_AUTORELEASING = YES;
				CLANG_WARN_BOOL_CONVERSION = YES;
				CLANG_WARN_COMMA = YES;
				CLANG_WARN_CONSTANT_CONVERSION = YES;
				CLANG_WARN_DEPRECATED_OBJC_IMPLEMENTATIONS = YES;
				CLANG_WARN_DIRECT_OBJC_ISA_USAGE = YES_ERROR;
				CLANG_WARN_DOCUMENTATION_COMMENTS = YES;
				CLANG_WARN_EMPTY_BODY = YES;
				CLANG_WARN_ENUM_CONVERSION = YES;
				CLANG_WARN_INFINITE_RECURSION = YES;
				CLANG_WARN_INT_CONVERSION = YES;
				CLANG_WARN_NON_LITERAL_NULL_CONVERSION = YES;
				CLANG_WARN_OBJC_IMPLICIT_RETAIN_SELF = YES;
				CLANG_WARN_OBJC_LITERAL_CONVERSION = YES;
				CLANG_WARN_OBJC_ROOT_CLASS = YES_ERROR;
				CLANG_WARN_QUOTED_INCLUDE_IN_FRAMEWORK_HEADER = YES;
				CLANG_WARN_RANGE_LOOP_ANALYSIS = YES;
				CLANG_WARN_STRICT_PROTOTYPES = YES;
				CLANG_WARN_SUSPICIOUS_MOVE = YES;
				CLANG_WARN_UNGUARDED_AVAILABILITY = YES_AGGRESSIVE;
				CLANG_WARN_UNREACHABLE_CODE = YES;
				CLANG_WARN__DUPLICATE_METHOD_MATCH = YES;
				COPY_PHASE_STRIP = NO;
				DEBUG_INFORMATION_FORMAT = "dwarf-with-dsym";
				ENABLE_NS_ASSERTIONS = NO;
				ENABLE_STRICT_OBJC_MSGSEND = YES;
				ENABLE_USER_SCRIPT_SANDBOXING = YES;
				GCC_C_LANGUAGE_STANDARD = gnu17;
				GCC_NO_COMMON_BLOCKS = YES;
				GCC_WARN_64_TO_32_BIT_CONVERSION = YES;
				GCC_WARN_ABOUT_RETURN_TYPE = YES_ERROR;
				GCC_WARN_UNDECLARED_SELECTOR = YES;
				GCC_WARN_UNINITIALIZED_AUTOS = YES_AGGRESSIVE;
				GCC_WARN_UNUSED_FUNCTION = YES;
				GCC_WARN_UNUSED_VARIABLE = YES;
				IPHONEOS_DEPLOYMENT_TARGET = 16.0;
				LOCALIZATION_PREFERS_STRING_CATALOGS = YES;
				MTL_ENABLE_DEBUG_INFO = NO;
				MTL_FAST_MATH = YES;
				SDKROOT = iphoneos;
				SWIFT_COMPILATION_MODE = wholemodule;
				VALIDATE_PRODUCT = YES;
			};
			name = Release;
		};
		273E0DCF2D5CFFAA0044F798 /* Debug */ = {
			isa = XCBuildConfiguration;
			buildSettings = {
				ASSETCATALOG_COMPILER_APPICON_NAME = AppIcon;
				ASSETCATALOG_COMPILER_GLOBAL_ACCENT_COLOR_NAME = AccentColor;
				CODE_SIGN_STYLE = Automatic;
				CURRENT_PROJECT_VERSION = 1;
				DEVELOPMENT_TEAM = 84K2WHDARM;
				GENERATE_INFOPLIST_FILE = YES;
				INFOPLIST_FILE = CurrencyTestProject/Info.plist;
				INFOPLIST_KEY_UIApplicationSupportsIndirectInputEvents = YES;
				INFOPLIST_KEY_UILaunchStoryboardName = LaunchScreen;
				INFOPLIST_KEY_UISupportedInterfaceOrientations = UIInterfaceOrientationPortrait;
				INFOPLIST_KEY_UISupportedInterfaceOrientations_iPad = "UIInterfaceOrientationLandscapeLeft UIInterfaceOrientationLandscapeRight UIInterfaceOrientationPortrait UIInterfaceOrientationPortraitUpsideDown";
				IPHONEOS_DEPLOYMENT_TARGET = 16.0;
				LD_RUNPATH_SEARCH_PATHS = (
					"$(inherited)",
					"@executable_path/Frameworks",
				);
				MARKETING_VERSION = 1.0;
				PRODUCT_BUNDLE_IDENTIFIER = com.vladyslav.CurrencyTestProject;
				PRODUCT_NAME = "$(TARGET_NAME)";
				SUPPORTED_PLATFORMS = "iphoneos iphonesimulator";
				SUPPORTS_MACCATALYST = NO;
				SUPPORTS_MAC_DESIGNED_FOR_IPHONE_IPAD = NO;
				SUPPORTS_XR_DESIGNED_FOR_IPHONE_IPAD = NO;
				SWIFT_EMIT_LOC_STRINGS = YES;
				SWIFT_VERSION = 5.0;
				TARGETED_DEVICE_FAMILY = 1;
			};
			name = Debug;
		};
		273E0DD02D5CFFAA0044F798 /* Release */ = {
			isa = XCBuildConfiguration;
			buildSettings = {
				ASSETCATALOG_COMPILER_APPICON_NAME = AppIcon;
				ASSETCATALOG_COMPILER_GLOBAL_ACCENT_COLOR_NAME = AccentColor;
				CODE_SIGN_STYLE = Automatic;
				CURRENT_PROJECT_VERSION = 1;
				DEVELOPMENT_TEAM = 84K2WHDARM;
				GENERATE_INFOPLIST_FILE = YES;
				INFOPLIST_FILE = CurrencyTestProject/Info.plist;
				INFOPLIST_KEY_UIApplicationSupportsIndirectInputEvents = YES;
				INFOPLIST_KEY_UILaunchStoryboardName = LaunchScreen;
				INFOPLIST_KEY_UISupportedInterfaceOrientations = UIInterfaceOrientationPortrait;
				INFOPLIST_KEY_UISupportedInterfaceOrientations_iPad = "UIInterfaceOrientationLandscapeLeft UIInterfaceOrientationLandscapeRight UIInterfaceOrientationPortrait UIInterfaceOrientationPortraitUpsideDown";
				IPHONEOS_DEPLOYMENT_TARGET = 16.0;
				LD_RUNPATH_SEARCH_PATHS = (
					"$(inherited)",
					"@executable_path/Frameworks",
				);
				MARKETING_VERSION = 1.0;
				PRODUCT_BUNDLE_IDENTIFIER = com.vladyslav.CurrencyTestProject;
				PRODUCT_NAME = "$(TARGET_NAME)";
				SUPPORTED_PLATFORMS = "iphoneos iphonesimulator";
				SUPPORTS_MACCATALYST = NO;
				SUPPORTS_MAC_DESIGNED_FOR_IPHONE_IPAD = NO;
				SUPPORTS_XR_DESIGNED_FOR_IPHONE_IPAD = NO;
				SWIFT_EMIT_LOC_STRINGS = YES;
				SWIFT_VERSION = 5.0;
				TARGETED_DEVICE_FAMILY = 1;
			};
			name = Release;
		};
		273E0DE72D5E303B0044F798 /* Debug */ = {
			isa = XCBuildConfiguration;
			buildSettings = {
				BUILD_LIBRARY_FOR_DISTRIBUTION = NO;
				CLANG_ENABLE_MODULES = YES;
				CODE_SIGN_STYLE = Automatic;
				CURRENT_PROJECT_VERSION = 1;
				DEFINES_MODULE = YES;
				DEVELOPMENT_TEAM = 84K2WHDARM;
				DYLIB_COMPATIBILITY_VERSION = 1;
				DYLIB_CURRENT_VERSION = 1;
				DYLIB_INSTALL_NAME_BASE = "@rpath";
				ENABLE_MODULE_VERIFIER = YES;
				GENERATE_INFOPLIST_FILE = YES;
				INFOPLIST_KEY_NSHumanReadableCopyright = "";
				INSTALL_PATH = "$(LOCAL_LIBRARY_DIR)/Frameworks";
				IPHONEOS_DEPLOYMENT_TARGET = 16.0;
				LD_RUNPATH_SEARCH_PATHS = (
					"$(inherited)",
					"@executable_path/Frameworks",
					"@loader_path/Frameworks",
				);
				MARKETING_VERSION = 1.0;
				MODULE_VERIFIER_SUPPORTED_LANGUAGES = "objective-c objective-c++";
				MODULE_VERIFIER_SUPPORTED_LANGUAGE_STANDARDS = "gnu17 gnu++20";
				PRODUCT_BUNDLE_IDENTIFIER = com.vladyslav.NetworkLayer;
				PRODUCT_NAME = "$(TARGET_NAME:c99extidentifier)";
				SKIP_INSTALL = YES;
				SUPPORTED_PLATFORMS = "iphoneos iphonesimulator";
				SUPPORTS_MACCATALYST = NO;
				SUPPORTS_MAC_DESIGNED_FOR_IPHONE_IPAD = NO;
				SUPPORTS_XR_DESIGNED_FOR_IPHONE_IPAD = NO;
				SWIFT_EMIT_LOC_STRINGS = YES;
				SWIFT_INSTALL_OBJC_HEADER = NO;
				SWIFT_OPTIMIZATION_LEVEL = "-Onone";
				SWIFT_VERSION = 5.0;
				TARGETED_DEVICE_FAMILY = 1;
				VERSIONING_SYSTEM = "apple-generic";
				VERSION_INFO_PREFIX = "";
			};
			name = Debug;
		};
		273E0DE82D5E303B0044F798 /* Release */ = {
			isa = XCBuildConfiguration;
			buildSettings = {
				BUILD_LIBRARY_FOR_DISTRIBUTION = NO;
				CLANG_ENABLE_MODULES = YES;
				CODE_SIGN_STYLE = Automatic;
				CURRENT_PROJECT_VERSION = 1;
				DEFINES_MODULE = YES;
				DEVELOPMENT_TEAM = 84K2WHDARM;
				DYLIB_COMPATIBILITY_VERSION = 1;
				DYLIB_CURRENT_VERSION = 1;
				DYLIB_INSTALL_NAME_BASE = "@rpath";
				ENABLE_MODULE_VERIFIER = YES;
				GENERATE_INFOPLIST_FILE = YES;
				INFOPLIST_KEY_NSHumanReadableCopyright = "";
				INSTALL_PATH = "$(LOCAL_LIBRARY_DIR)/Frameworks";
				IPHONEOS_DEPLOYMENT_TARGET = 16.0;
				LD_RUNPATH_SEARCH_PATHS = (
					"$(inherited)",
					"@executable_path/Frameworks",
					"@loader_path/Frameworks",
				);
				MARKETING_VERSION = 1.0;
				MODULE_VERIFIER_SUPPORTED_LANGUAGES = "objective-c objective-c++";
				MODULE_VERIFIER_SUPPORTED_LANGUAGE_STANDARDS = "gnu17 gnu++20";
				PRODUCT_BUNDLE_IDENTIFIER = com.vladyslav.NetworkLayer;
				PRODUCT_NAME = "$(TARGET_NAME:c99extidentifier)";
				SKIP_INSTALL = YES;
				SUPPORTED_PLATFORMS = "iphoneos iphonesimulator";
				SUPPORTS_MACCATALYST = NO;
				SUPPORTS_MAC_DESIGNED_FOR_IPHONE_IPAD = NO;
				SUPPORTS_XR_DESIGNED_FOR_IPHONE_IPAD = NO;
				SWIFT_EMIT_LOC_STRINGS = YES;
				SWIFT_INSTALL_OBJC_HEADER = NO;
				SWIFT_VERSION = 5.0;
				TARGETED_DEVICE_FAMILY = 1;
				VERSIONING_SYSTEM = "apple-generic";
				VERSION_INFO_PREFIX = "";
			};
			name = Release;
		};
/* End XCBuildConfiguration section */

/* Begin XCConfigurationList section */
		273E0DB22D5CFFA90044F798 /* Build configuration list for PBXProject "CurrencyTestProject" */ = {
			isa = XCConfigurationList;
			buildConfigurations = (
				273E0DCC2D5CFFAA0044F798 /* Debug */,
				273E0DCD2D5CFFAA0044F798 /* Release */,
			);
			defaultConfigurationIsVisible = 0;
			defaultConfigurationName = Release;
		};
		273E0DCE2D5CFFAA0044F798 /* Build configuration list for PBXNativeTarget "CurrencyTestProject" */ = {
			isa = XCConfigurationList;
			buildConfigurations = (
				273E0DCF2D5CFFAA0044F798 /* Debug */,
				273E0DD02D5CFFAA0044F798 /* Release */,
			);
			defaultConfigurationIsVisible = 0;
			defaultConfigurationName = Release;
		};
		273E0DE62D5E303B0044F798 /* Build configuration list for PBXNativeTarget "NetworkLayer" */ = {
			isa = XCConfigurationList;
			buildConfigurations = (
				273E0DE72D5E303B0044F798 /* Debug */,
				273E0DE82D5E303B0044F798 /* Release */,
			);
			defaultConfigurationIsVisible = 0;
			defaultConfigurationName = Release;
		};
/* End XCConfigurationList section */

/* Begin XCLocalSwiftPackageReference section */
		273E0E122D5E5FDB0044F798 /* XCLocalSwiftPackageReference "NetworkLayer/RatesAPI" */ = {
			isa = XCLocalSwiftPackageReference;
			relativePath = NetworkLayer/RatesAPI;
		};
/* End XCLocalSwiftPackageReference section */

/* Begin XCRemoteSwiftPackageReference section */
		273E0DF92D5E4D380044F798 /* XCRemoteSwiftPackageReference "R" */ = {
			isa = XCRemoteSwiftPackageReference;
			repositoryURL = "https://github.com/mac-cain13/R.swift";
			requirement = {
				kind = upToNextMajorVersion;
				minimumVersion = 7.8.0;
			};
		};
		273E0E0E2D5E59330044F798 /* XCRemoteSwiftPackageReference "apollo-ios" */ = {
			isa = XCRemoteSwiftPackageReference;
			repositoryURL = "https://github.com/apollographql/apollo-ios";
			requirement = {
				kind = upToNextMajorVersion;
				minimumVersion = 1.17.0;
			};
		};
/* End XCRemoteSwiftPackageReference section */

/* Begin XCSwiftPackageProductDependency section */
		273E0DFA2D5E4D380044F798 /* RswiftLibrary */ = {
			isa = XCSwiftPackageProductDependency;
			package = 273E0DF92D5E4D380044F798 /* XCRemoteSwiftPackageReference "R" */;
			productName = RswiftLibrary;
		};
		273E0E0F2D5E59330044F798 /* Apollo */ = {
			isa = XCSwiftPackageProductDependency;
			package = 273E0E0E2D5E59330044F798 /* XCRemoteSwiftPackageReference "apollo-ios" */;
			productName = Apollo;
		};
		273E0E132D5E5FDB0044F798 /* RatesAPI */ = {
			isa = XCSwiftPackageProductDependency;
			productName = RatesAPI;
		};
/* End XCSwiftPackageProductDependency section */

/* Begin XCVersionGroup section */
		273E0DC32D5CFFA90044F798 /* CurrencyTestProject.xcdatamodeld */ = {
			isa = XCVersionGroup;
			children = (
				273E0DC42D5CFFA90044F798 /* CurrencyTestProject.xcdatamodel */,
			);
			currentVersion = 273E0DC42D5CFFA90044F798 /* CurrencyTestProject.xcdatamodel */;
			path = CurrencyTestProject.xcdatamodeld;
			sourceTree = "<group>";
			versionGroupType = wrapper.xcdatamodel;
		};
/* End XCVersionGroup section */
	};
	rootObject = 273E0DAF2D5CFFA90044F798 /* Project object */;
}
